// !$*UTF8*$!
{
	archiveVersion = 1;
	classes = {
	};
	objectVersion = 46;
	objects = {

/* Begin PBXAggregateTarget section */
		"SwiftUtilities::SwiftUtilitiesPackageTests::ProductTarget" /* SwiftUtilitiesPackageTests */ = {
			isa = PBXAggregateTarget;
			buildConfigurationList = OBJ_36 /* Build configuration list for PBXAggregateTarget "SwiftUtilitiesPackageTests" */;
			buildPhases = (
			);
			dependencies = (
				OBJ_39 /* PBXTargetDependency */,
			);
			name = SwiftUtilitiesPackageTests;
			productName = SwiftUtilitiesPackageTests;
		};
/* End PBXAggregateTarget section */

/* Begin PBXBuildFile section */
		04158B88246DE09100BD6DE7 /* MirrorExtensions.swift in Sources */ = {isa = PBXBuildFile; fileRef = 04158B87246DE09100BD6DE7 /* MirrorExtensions.swift */; };
		041E48E72858D72200F67444 /* BundleExtension.swift in Sources */ = {isa = PBXBuildFile; fileRef = 041E48E62858D72200F67444 /* BundleExtension.swift */; };
		0422436827AA0EDE00B1B786 /* DoubleExtension.swift in Sources */ = {isa = PBXBuildFile; fileRef = 0422436727AA0EDE00B1B786 /* DoubleExtension.swift */; };
		042E24AF2681021D004A332E /* CustomOperators.swift in Sources */ = {isa = PBXBuildFile; fileRef = 042E24AE2681021D004A332E /* CustomOperators.swift */; };
		04339C0127A1B40900879DE1 /* DigestExtensions.swift in Sources */ = {isa = PBXBuildFile; fileRef = 04339C0027A1B40900879DE1 /* DigestExtensions.swift */; };
		044217B924CA802600BCFAC8 /* FloatExtensions.swift in Sources */ = {isa = PBXBuildFile; fileRef = 044217B824CA802600BCFAC8 /* FloatExtensions.swift */; };
		0442181C24CF8CFA00BCFAC8 /* Endian.swift in Sources */ = {isa = PBXBuildFile; fileRef = 0442181B24CF8CFA00BCFAC8 /* Endian.swift */; };
		0442181E24CF8E3700BCFAC8 /* DateExtensions.swift in Sources */ = {isa = PBXBuildFile; fileRef = 0442181D24CF8E3700BCFAC8 /* DateExtensions.swift */; };
		0446C5EC2819CC9A00E4EA72 /* AVFileTypeExtension.swift in Sources */ = {isa = PBXBuildFile; fileRef = 0446C5EB2819CC9A00E4EA72 /* AVFileTypeExtension.swift */; };
		04676669248B35A600704C19 /* PrivateKeyExtensions.swift in Sources */ = {isa = PBXBuildFile; fileRef = 04676668248B35A600704C19 /* PrivateKeyExtensions.swift */; };
		046BC0BB269CECFC00B044A8 /* MKCoordinateRegionExtensions.swift in Sources */ = {isa = PBXBuildFile; fileRef = 046BC0B4269CECFC00B044A8 /* MKCoordinateRegionExtensions.swift */; };
		046BC0BC269CECFC00B044A8 /* BindingExtensions.swift in Sources */ = {isa = PBXBuildFile; fileRef = 046BC0B5269CECFC00B044A8 /* BindingExtensions.swift */; };
		046BC0BD269CECFC00B044A8 /* EncodableExtensions.swift in Sources */ = {isa = PBXBuildFile; fileRef = 046BC0B6269CECFC00B044A8 /* EncodableExtensions.swift */; };
		046BC0BE269CECFC00B044A8 /* ColorExtensions.swift in Sources */ = {isa = PBXBuildFile; fileRef = 046BC0B7269CECFC00B044A8 /* ColorExtensions.swift */; };
		046BC0BF269CECFC00B044A8 /* UIFontExtensions.swift in Sources */ = {isa = PBXBuildFile; fileRef = 046BC0B8269CECFC00B044A8 /* UIFontExtensions.swift */; };
		046BC0C0269CECFC00B044A8 /* MKCoordinateSpanExtensions.swift in Sources */ = {isa = PBXBuildFile; fileRef = 046BC0B9269CECFC00B044A8 /* MKCoordinateSpanExtensions.swift */; };
		046BC0C1269CECFC00B044A8 /* CLLocationCoordinate2DExtensions.swift in Sources */ = {isa = PBXBuildFile; fileRef = 046BC0BA269CECFC00B044A8 /* CLLocationCoordinate2DExtensions.swift */; };
		046BC0C6269CED8900B044A8 /* DictionaryEncoderDecoder.swift in Sources */ = {isa = PBXBuildFile; fileRef = 046BC0C5269CED8900B044A8 /* DictionaryEncoderDecoder.swift */; };
		046BC0C7269CED8900B044A8 /* KeyboardResponder.swift in Sources */ = {isa = PBXBuildFile; fileRef = 046BC0C3269CED8900B044A8 /* KeyboardResponder.swift */; };
		04A1EFD02489B40700FFBA3E /* IntExtensions.swift in Sources */ = {isa = PBXBuildFile; fileRef = 04A1EFCF2489B40700FFBA3E /* IntExtensions.swift */; };
		04A1EFD9248AB5D200FFBA3E /* BoolExtensions.swift in Sources */ = {isa = PBXBuildFile; fileRef = 04A1EFD8248AB5D200FFBA3E /* BoolExtensions.swift */; };
		04A1EFDB248AC08700FFBA3E /* StringExtensions.swift in Sources */ = {isa = PBXBuildFile; fileRef = 04A1EFDA248AC08700FFBA3E /* StringExtensions.swift */; };
		04C0A307253F7AF0000C2271 /* URLExtensions.swift in Sources */ = {isa = PBXBuildFile; fileRef = 04C0A306253F7AF0000C2271 /* URLExtensions.swift */; };
		04FFAF2F2488817E00485F68 /* DataExtensions.swift in Sources */ = {isa = PBXBuildFile; fileRef = 04FFAF2E2488817E00485F68 /* DataExtensions.swift */; };
		OBJ_25 /* ArrayExtensions.swift in Sources */ = {isa = PBXBuildFile; fileRef = OBJ_9 /* ArrayExtensions.swift */; };
		OBJ_26 /* CollectionExtensions.swift in Sources */ = {isa = PBXBuildFile; fileRef = OBJ_10 /* CollectionExtensions.swift */; };
		OBJ_27 /* SwiftUtilities.swift in Sources */ = {isa = PBXBuildFile; fileRef = OBJ_11 /* SwiftUtilities.swift */; };
		OBJ_34 /* Package.swift in Sources */ = {isa = PBXBuildFile; fileRef = OBJ_6 /* Package.swift */; };
		OBJ_45 /* SwiftUtilitiesTests.swift in Sources */ = {isa = PBXBuildFile; fileRef = OBJ_14 /* SwiftUtilitiesTests.swift */; };
		OBJ_46 /* XCTestManifests.swift in Sources */ = {isa = PBXBuildFile; fileRef = OBJ_15 /* XCTestManifests.swift */; };
		OBJ_48 /* SwiftUtilities.framework in Frameworks */ = {isa = PBXBuildFile; fileRef = "SwiftUtilities::SwiftUtilities::Product" /* SwiftUtilities.framework */; };
/* End PBXBuildFile section */

/* Begin PBXContainerItemProxy section */
		04158B86246DE08300BD6DE7 /* PBXContainerItemProxy */ = {
			isa = PBXContainerItemProxy;
			containerPortal = OBJ_1 /* Project object */;
			proxyType = 1;
			remoteGlobalIDString = "SwiftUtilities::SwiftUtilities";
			remoteInfo = SwiftUtilities;
		};
		04FFAF2D2488816E00485F68 /* PBXContainerItemProxy */ = {
			isa = PBXContainerItemProxy;
			containerPortal = OBJ_1 /* Project object */;
			proxyType = 1;
			remoteGlobalIDString = "SwiftUtilities::SwiftUtilitiesTests";
			remoteInfo = SwiftUtilitiesTests;
		};
/* End PBXContainerItemProxy section */

/* Begin PBXFileReference section */
		04158B87246DE09100BD6DE7 /* MirrorExtensions.swift */ = {isa = PBXFileReference; fileEncoding = 4; lastKnownFileType = sourcecode.swift; path = MirrorExtensions.swift; sourceTree = "<group>"; };
		041E48E62858D72200F67444 /* BundleExtension.swift */ = {isa = PBXFileReference; lastKnownFileType = sourcecode.swift; path = BundleExtension.swift; sourceTree = "<group>"; };
		0422436727AA0EDE00B1B786 /* DoubleExtension.swift */ = {isa = PBXFileReference; lastKnownFileType = sourcecode.swift; path = DoubleExtension.swift; sourceTree = "<group>"; };
		042E24AE2681021D004A332E /* CustomOperators.swift */ = {isa = PBXFileReference; lastKnownFileType = sourcecode.swift; path = CustomOperators.swift; sourceTree = "<group>"; };
		04339C0027A1B40900879DE1 /* DigestExtensions.swift */ = {isa = PBXFileReference; lastKnownFileType = sourcecode.swift; path = DigestExtensions.swift; sourceTree = "<group>"; };
		044217B824CA802600BCFAC8 /* FloatExtensions.swift */ = {isa = PBXFileReference; lastKnownFileType = sourcecode.swift; path = FloatExtensions.swift; sourceTree = "<group>"; };
		0442181B24CF8CFA00BCFAC8 /* Endian.swift */ = {isa = PBXFileReference; lastKnownFileType = sourcecode.swift; path = Endian.swift; sourceTree = "<group>"; };
		0442181D24CF8E3700BCFAC8 /* DateExtensions.swift */ = {isa = PBXFileReference; lastKnownFileType = sourcecode.swift; path = DateExtensions.swift; sourceTree = "<group>"; };
		0446C5EB2819CC9A00E4EA72 /* AVFileTypeExtension.swift */ = {isa = PBXFileReference; lastKnownFileType = sourcecode.swift; path = AVFileTypeExtension.swift; sourceTree = "<group>"; };
		04676668248B35A600704C19 /* PrivateKeyExtensions.swift */ = {isa = PBXFileReference; lastKnownFileType = sourcecode.swift; path = PrivateKeyExtensions.swift; sourceTree = "<group>"; };
		046BC0B4269CECFC00B044A8 /* MKCoordinateRegionExtensions.swift */ = {isa = PBXFileReference; fileEncoding = 4; lastKnownFileType = sourcecode.swift; path = MKCoordinateRegionExtensions.swift; sourceTree = "<group>"; };
		046BC0B5269CECFC00B044A8 /* BindingExtensions.swift */ = {isa = PBXFileReference; fileEncoding = 4; lastKnownFileType = sourcecode.swift; path = BindingExtensions.swift; sourceTree = "<group>"; };
		046BC0B6269CECFC00B044A8 /* EncodableExtensions.swift */ = {isa = PBXFileReference; fileEncoding = 4; lastKnownFileType = sourcecode.swift; path = EncodableExtensions.swift; sourceTree = "<group>"; };
		046BC0B7269CECFC00B044A8 /* ColorExtensions.swift */ = {isa = PBXFileReference; fileEncoding = 4; lastKnownFileType = sourcecode.swift; path = ColorExtensions.swift; sourceTree = "<group>"; };
		046BC0B8269CECFC00B044A8 /* UIFontExtensions.swift */ = {isa = PBXFileReference; fileEncoding = 4; lastKnownFileType = sourcecode.swift; path = UIFontExtensions.swift; sourceTree = "<group>"; };
		046BC0B9269CECFC00B044A8 /* MKCoordinateSpanExtensions.swift */ = {isa = PBXFileReference; fileEncoding = 4; lastKnownFileType = sourcecode.swift; path = MKCoordinateSpanExtensions.swift; sourceTree = "<group>"; };
		046BC0BA269CECFC00B044A8 /* CLLocationCoordinate2DExtensions.swift */ = {isa = PBXFileReference; fileEncoding = 4; lastKnownFileType = sourcecode.swift; path = CLLocationCoordinate2DExtensions.swift; sourceTree = "<group>"; };
		046BC0C3269CED8900B044A8 /* KeyboardResponder.swift */ = {isa = PBXFileReference; lastKnownFileType = sourcecode.swift; path = KeyboardResponder.swift; sourceTree = "<group>"; };
		046BC0C5269CED8900B044A8 /* DictionaryEncoderDecoder.swift */ = {isa = PBXFileReference; lastKnownFileType = sourcecode.swift; path = DictionaryEncoderDecoder.swift; sourceTree = "<group>"; };
		04A1EFCF2489B40700FFBA3E /* IntExtensions.swift */ = {isa = PBXFileReference; lastKnownFileType = sourcecode.swift; path = IntExtensions.swift; sourceTree = "<group>"; };
		04A1EFD8248AB5D200FFBA3E /* BoolExtensions.swift */ = {isa = PBXFileReference; lastKnownFileType = sourcecode.swift; path = BoolExtensions.swift; sourceTree = "<group>"; };
		04A1EFDA248AC08700FFBA3E /* StringExtensions.swift */ = {isa = PBXFileReference; lastKnownFileType = sourcecode.swift; path = StringExtensions.swift; sourceTree = "<group>"; };
		04C0A306253F7AF0000C2271 /* URLExtensions.swift */ = {isa = PBXFileReference; lastKnownFileType = sourcecode.swift; path = URLExtensions.swift; sourceTree = "<group>"; };
		04FFAF2E2488817E00485F68 /* DataExtensions.swift */ = {isa = PBXFileReference; lastKnownFileType = sourcecode.swift; path = DataExtensions.swift; sourceTree = "<group>"; };
		OBJ_10 /* CollectionExtensions.swift */ = {isa = PBXFileReference; lastKnownFileType = sourcecode.swift; path = CollectionExtensions.swift; sourceTree = "<group>"; };
		OBJ_11 /* SwiftUtilities.swift */ = {isa = PBXFileReference; lastKnownFileType = sourcecode.swift; path = SwiftUtilities.swift; sourceTree = "<group>"; };
		OBJ_14 /* SwiftUtilitiesTests.swift */ = {isa = PBXFileReference; lastKnownFileType = sourcecode.swift; path = SwiftUtilitiesTests.swift; sourceTree = "<group>"; };
		OBJ_15 /* XCTestManifests.swift */ = {isa = PBXFileReference; lastKnownFileType = sourcecode.swift; path = XCTestManifests.swift; sourceTree = "<group>"; };
		OBJ_19 /* README.md */ = {isa = PBXFileReference; lastKnownFileType = net.daringfireball.markdown; path = README.md; sourceTree = "<group>"; };
		OBJ_6 /* Package.swift */ = {isa = PBXFileReference; explicitFileType = sourcecode.swift; path = Package.swift; sourceTree = "<group>"; };
		OBJ_9 /* ArrayExtensions.swift */ = {isa = PBXFileReference; lastKnownFileType = sourcecode.swift; path = ArrayExtensions.swift; sourceTree = "<group>"; };
		"SwiftUtilities::SwiftUtilities::Product" /* SwiftUtilities.framework */ = {isa = PBXFileReference; explicitFileType = wrapper.framework; path = SwiftUtilities.framework; sourceTree = BUILT_PRODUCTS_DIR; };
		"SwiftUtilities::SwiftUtilitiesTests::Product" /* SwiftUtilitiesTests.xctest */ = {isa = PBXFileReference; explicitFileType = wrapper.cfbundle; path = SwiftUtilitiesTests.xctest; sourceTree = BUILT_PRODUCTS_DIR; };
/* End PBXFileReference section */

/* Begin PBXFrameworksBuildPhase section */
		OBJ_28 /* Frameworks */ = {
			isa = PBXFrameworksBuildPhase;
			buildActionMask = 0;
			files = (
			);
			runOnlyForDeploymentPostprocessing = 0;
		};
		OBJ_47 /* Frameworks */ = {
			isa = PBXFrameworksBuildPhase;
			buildActionMask = 0;
			files = (
				OBJ_48 /* SwiftUtilities.framework in Frameworks */,
			);
			runOnlyForDeploymentPostprocessing = 0;
		};
/* End PBXFrameworksBuildPhase section */

/* Begin PBXGroup section */
		04339BFF27A1B3E900879DE1 /* Extensions */ = {
			isa = PBXGroup;
			children = (
				046BC0B5269CECFC00B044A8 /* BindingExtensions.swift */,
				046BC0BA269CECFC00B044A8 /* CLLocationCoordinate2DExtensions.swift */,
				046BC0B7269CECFC00B044A8 /* ColorExtensions.swift */,
				046BC0B6269CECFC00B044A8 /* EncodableExtensions.swift */,
				046BC0B4269CECFC00B044A8 /* MKCoordinateRegionExtensions.swift */,
				046BC0B9269CECFC00B044A8 /* MKCoordinateSpanExtensions.swift */,
				046BC0B8269CECFC00B044A8 /* UIFontExtensions.swift */,
				04158B87246DE09100BD6DE7 /* MirrorExtensions.swift */,
				OBJ_9 /* ArrayExtensions.swift */,
				OBJ_10 /* CollectionExtensions.swift */,
				04FFAF2E2488817E00485F68 /* DataExtensions.swift */,
				04A1EFDA248AC08700FFBA3E /* StringExtensions.swift */,
				04A1EFCF2489B40700FFBA3E /* IntExtensions.swift */,
				0422436727AA0EDE00B1B786 /* DoubleExtension.swift */,
				0442181D24CF8E3700BCFAC8 /* DateExtensions.swift */,
				044217B824CA802600BCFAC8 /* FloatExtensions.swift */,
				04A1EFD8248AB5D200FFBA3E /* BoolExtensions.swift */,
				04676668248B35A600704C19 /* PrivateKeyExtensions.swift */,
				04C0A306253F7AF0000C2271 /* URLExtensions.swift */,
				04339C0027A1B40900879DE1 /* DigestExtensions.swift */,
				0446C5EB2819CC9A00E4EA72 /* AVFileTypeExtension.swift */,
				041E48E62858D72200F67444 /* BundleExtension.swift */,
			);
			path = Extensions;
			sourceTree = "<group>";
		};
		046BC0C9269CEDAF00B044A8 /* Helpers */ = {
			isa = PBXGroup;
			children = (
				046BC0C3269CED8900B044A8 /* KeyboardResponder.swift */,
				046BC0C5269CED8900B044A8 /* DictionaryEncoderDecoder.swift */,
			);
			path = Helpers;
			sourceTree = "<group>";
		};
		OBJ_12 /* Tests */ = {
			isa = PBXGroup;
			children = (
				OBJ_13 /* SwiftUtilitiesTests */,
			);
			name = Tests;
			sourceTree = SOURCE_ROOT;
		};
		OBJ_13 /* SwiftUtilitiesTests */ = {
			isa = PBXGroup;
			children = (
				OBJ_14 /* SwiftUtilitiesTests.swift */,
				OBJ_15 /* XCTestManifests.swift */,
			);
			name = SwiftUtilitiesTests;
			path = Tests/SwiftUtilitiesTests;
			sourceTree = SOURCE_ROOT;
		};
		OBJ_16 /* Products */ = {
			isa = PBXGroup;
			children = (
				"SwiftUtilities::SwiftUtilitiesTests::Product" /* SwiftUtilitiesTests.xctest */,
				"SwiftUtilities::SwiftUtilities::Product" /* SwiftUtilities.framework */,
			);
			name = Products;
			sourceTree = BUILT_PRODUCTS_DIR;
		};
		OBJ_5 = {
			isa = PBXGroup;
			children = (
				OBJ_6 /* Package.swift */,
				OBJ_7 /* Sources */,
				OBJ_12 /* Tests */,
				OBJ_16 /* Products */,
				OBJ_19 /* README.md */,
			);
			sourceTree = "<group>";
		};
		OBJ_7 /* Sources */ = {
			isa = PBXGroup;
			children = (
				OBJ_8 /* SwiftUtilities */,
			);
			name = Sources;
			sourceTree = SOURCE_ROOT;
		};
		OBJ_8 /* SwiftUtilities */ = {
			isa = PBXGroup;
			children = (
				OBJ_11 /* SwiftUtilities.swift */,
				04339BFF27A1B3E900879DE1 /* Extensions */,
				0442181B24CF8CFA00BCFAC8 /* Endian.swift */,
				042E24AE2681021D004A332E /* CustomOperators.swift */,
				046BC0C9269CEDAF00B044A8 /* Helpers */,
			);
			name = SwiftUtilities;
			path = Sources/SwiftUtilities;
			sourceTree = SOURCE_ROOT;
		};
/* End PBXGroup section */

/* Begin PBXNativeTarget section */
		"SwiftUtilities::SwiftPMPackageDescription" /* SwiftUtilitiesPackageDescription */ = {
			isa = PBXNativeTarget;
			buildConfigurationList = OBJ_30 /* Build configuration list for PBXNativeTarget "SwiftUtilitiesPackageDescription" */;
			buildPhases = (
				OBJ_33 /* Sources */,
			);
			buildRules = (
			);
			dependencies = (
			);
			name = SwiftUtilitiesPackageDescription;
			productName = SwiftUtilitiesPackageDescription;
			productType = "com.apple.product-type.framework";
		};
		"SwiftUtilities::SwiftUtilities" /* SwiftUtilities */ = {
			isa = PBXNativeTarget;
			buildConfigurationList = OBJ_21 /* Build configuration list for PBXNativeTarget "SwiftUtilities" */;
			buildPhases = (
				OBJ_24 /* Sources */,
				OBJ_28 /* Frameworks */,
			);
			buildRules = (
			);
			dependencies = (
			);
			name = SwiftUtilities;
			packageProductDependencies = (
			);
			productName = SwiftUtilities;
			productReference = "SwiftUtilities::SwiftUtilities::Product" /* SwiftUtilities.framework */;
			productType = "com.apple.product-type.framework";
		};
		"SwiftUtilities::SwiftUtilitiesTests" /* SwiftUtilitiesTests */ = {
			isa = PBXNativeTarget;
			buildConfigurationList = OBJ_41 /* Build configuration list for PBXNativeTarget "SwiftUtilitiesTests" */;
			buildPhases = (
				OBJ_44 /* Sources */,
				OBJ_47 /* Frameworks */,
			);
			buildRules = (
			);
			dependencies = (
				OBJ_49 /* PBXTargetDependency */,
			);
			name = SwiftUtilitiesTests;
			productName = SwiftUtilitiesTests;
			productReference = "SwiftUtilities::SwiftUtilitiesTests::Product" /* SwiftUtilitiesTests.xctest */;
			productType = "com.apple.product-type.bundle.unit-test";
		};
/* End PBXNativeTarget section */

/* Begin PBXProject section */
		OBJ_1 /* Project object */ = {
			isa = PBXProject;
			attributes = {
				LastSwiftMigration = 9999;
				LastUpgradeCheck = 9999;
			};
			buildConfigurationList = OBJ_2 /* Build configuration list for PBXProject "SwiftUtilities" */;
			compatibilityVersion = "Xcode 3.2";
			developmentRegion = en;
			hasScannedForEncodings = 0;
			knownRegions = (
				en,
			);
			mainGroup = OBJ_5;
			packageReferences = (
			);
			productRefGroup = OBJ_16 /* Products */;
			projectDirPath = "";
			projectRoot = "";
			targets = (
				"SwiftUtilities::SwiftUtilities" /* SwiftUtilities */,
				"SwiftUtilities::SwiftPMPackageDescription" /* SwiftUtilitiesPackageDescription */,
				"SwiftUtilities::SwiftUtilitiesPackageTests::ProductTarget" /* SwiftUtilitiesPackageTests */,
				"SwiftUtilities::SwiftUtilitiesTests" /* SwiftUtilitiesTests */,
			);
		};
/* End PBXProject section */

/* Begin PBXSourcesBuildPhase section */
		OBJ_24 /* Sources */ = {
			isa = PBXSourcesBuildPhase;
			buildActionMask = 0;
			files = (
				04A1EFDB248AC08700FFBA3E /* StringExtensions.swift in Sources */,
				046BC0BF269CECFC00B044A8 /* UIFontExtensions.swift in Sources */,
				041E48E72858D72200F67444 /* BundleExtension.swift in Sources */,
				04676669248B35A600704C19 /* PrivateKeyExtensions.swift in Sources */,
				044217B924CA802600BCFAC8 /* FloatExtensions.swift in Sources */,
				04A1EFD02489B40700FFBA3E /* IntExtensions.swift in Sources */,
				0422436827AA0EDE00B1B786 /* DoubleExtension.swift in Sources */,
				0442181C24CF8CFA00BCFAC8 /* Endian.swift in Sources */,
				046BC0BE269CECFC00B044A8 /* ColorExtensions.swift in Sources */,
				046BC0BD269CECFC00B044A8 /* EncodableExtensions.swift in Sources */,
				04158B88246DE09100BD6DE7 /* MirrorExtensions.swift in Sources */,
				046BC0C0269CECFC00B044A8 /* MKCoordinateSpanExtensions.swift in Sources */,
				046BC0C7269CED8900B044A8 /* KeyboardResponder.swift in Sources */,
				0446C5EC2819CC9A00E4EA72 /* AVFileTypeExtension.swift in Sources */,
				046BC0C1269CECFC00B044A8 /* CLLocationCoordinate2DExtensions.swift in Sources */,
				042E24AF2681021D004A332E /* CustomOperators.swift in Sources */,
				04C0A307253F7AF0000C2271 /* URLExtensions.swift in Sources */,
				04A1EFD9248AB5D200FFBA3E /* BoolExtensions.swift in Sources */,
				046BC0BC269CECFC00B044A8 /* BindingExtensions.swift in Sources */,
				0442181E24CF8E3700BCFAC8 /* DateExtensions.swift in Sources */,
				04339C0127A1B40900879DE1 /* DigestExtensions.swift in Sources */,
				046BC0BB269CECFC00B044A8 /* MKCoordinateRegionExtensions.swift in Sources */,
				OBJ_25 /* ArrayExtensions.swift in Sources */,
				OBJ_26 /* CollectionExtensions.swift in Sources */,
				046BC0C6269CED8900B044A8 /* DictionaryEncoderDecoder.swift in Sources */,
				04FFAF2F2488817E00485F68 /* DataExtensions.swift in Sources */,
				OBJ_27 /* SwiftUtilities.swift in Sources */,
			);
			runOnlyForDeploymentPostprocessing = 0;
		};
		OBJ_33 /* Sources */ = {
			isa = PBXSourcesBuildPhase;
			buildActionMask = 0;
			files = (
				OBJ_34 /* Package.swift in Sources */,
			);
			runOnlyForDeploymentPostprocessing = 0;
		};
		OBJ_44 /* Sources */ = {
			isa = PBXSourcesBuildPhase;
			buildActionMask = 0;
			files = (
				OBJ_45 /* SwiftUtilitiesTests.swift in Sources */,
				OBJ_46 /* XCTestManifests.swift in Sources */,
			);
			runOnlyForDeploymentPostprocessing = 0;
		};
/* End PBXSourcesBuildPhase section */

/* Begin PBXTargetDependency section */
		OBJ_39 /* PBXTargetDependency */ = {
			isa = PBXTargetDependency;
			target = "SwiftUtilities::SwiftUtilitiesTests" /* SwiftUtilitiesTests */;
			targetProxy = 04FFAF2D2488816E00485F68 /* PBXContainerItemProxy */;
		};
		OBJ_49 /* PBXTargetDependency */ = {
			isa = PBXTargetDependency;
			target = "SwiftUtilities::SwiftUtilities" /* SwiftUtilities */;
			targetProxy = 04158B86246DE08300BD6DE7 /* PBXContainerItemProxy */;
		};
/* End PBXTargetDependency section */

/* Begin XCBuildConfiguration section */
		OBJ_22 /* Debug */ = {
			isa = XCBuildConfiguration;
			buildSettings = {
				ENABLE_TESTABILITY = YES;
				FRAMEWORK_SEARCH_PATHS = (
					"$(inherited)",
					"$(PLATFORM_DIR)/Developer/Library/Frameworks",
				);
				HEADER_SEARCH_PATHS = "$(inherited)";
				INFOPLIST_FILE = SwiftUtilities.xcodeproj/SwiftUtilities_Info.plist;
				IPHONEOS_DEPLOYMENT_TARGET = 14.2;
				LD_RUNPATH_SEARCH_PATHS = "$(inherited) $(TOOLCHAIN_DIR)/usr/lib/swift/macosx";
				MACOSX_DEPLOYMENT_TARGET = 11.0;
				OTHER_CFLAGS = "$(inherited)";
				OTHER_LDFLAGS = "$(inherited)";
				OTHER_SWIFT_FLAGS = "$(inherited)";
				PRODUCT_BUNDLE_IDENTIFIER = SwiftUtilities;
				PRODUCT_MODULE_NAME = "$(TARGET_NAME:c99extidentifier)";
				PRODUCT_NAME = "$(TARGET_NAME:c99extidentifier)";
				SKIP_INSTALL = YES;
				SWIFT_ACTIVE_COMPILATION_CONDITIONS = "$(inherited)";
				SWIFT_VERSION = 5.0;
				TARGET_NAME = SwiftUtilities;
				TVOS_DEPLOYMENT_TARGET = 13.0;
				WATCHOS_DEPLOYMENT_TARGET = 2.0;
			};
			name = Debug;
		};
		OBJ_23 /* Release */ = {
			isa = XCBuildConfiguration;
			buildSettings = {
				ENABLE_TESTABILITY = YES;
				FRAMEWORK_SEARCH_PATHS = (
					"$(inherited)",
					"$(PLATFORM_DIR)/Developer/Library/Frameworks",
				);
				HEADER_SEARCH_PATHS = "$(inherited)";
				INFOPLIST_FILE = SwiftUtilities.xcodeproj/SwiftUtilities_Info.plist;
				IPHONEOS_DEPLOYMENT_TARGET = 14.2;
				LD_RUNPATH_SEARCH_PATHS = "$(inherited) $(TOOLCHAIN_DIR)/usr/lib/swift/macosx";
				MACOSX_DEPLOYMENT_TARGET = 11.0;
				OTHER_CFLAGS = "$(inherited)";
				OTHER_LDFLAGS = "$(inherited)";
				OTHER_SWIFT_FLAGS = "$(inherited)";
				PRODUCT_BUNDLE_IDENTIFIER = SwiftUtilities;
				PRODUCT_MODULE_NAME = "$(TARGET_NAME:c99extidentifier)";
				PRODUCT_NAME = "$(TARGET_NAME:c99extidentifier)";
				SKIP_INSTALL = YES;
				SWIFT_ACTIVE_COMPILATION_CONDITIONS = "$(inherited)";
				SWIFT_VERSION = 5.0;
				TARGET_NAME = SwiftUtilities;
				TVOS_DEPLOYMENT_TARGET = 13.0;
				WATCHOS_DEPLOYMENT_TARGET = 2.0;
			};
			name = Release;
		};
		OBJ_3 /* Debug */ = {
			isa = XCBuildConfiguration;
			buildSettings = {
				CLANG_ENABLE_OBJC_ARC = YES;
				COMBINE_HIDPI_IMAGES = YES;
				COPY_PHASE_STRIP = NO;
				DEBUG_INFORMATION_FORMAT = dwarf;
				DYLIB_INSTALL_NAME_BASE = "@rpath";
				ENABLE_NS_ASSERTIONS = YES;
				GCC_OPTIMIZATION_LEVEL = 0;
				GCC_PREPROCESSOR_DEFINITIONS = (
					"$(inherited)",
					"SWIFT_PACKAGE=1",
					"DEBUG=1",
				);
				MACOSX_DEPLOYMENT_TARGET = 10.10;
				ONLY_ACTIVE_ARCH = YES;
				OTHER_SWIFT_FLAGS = "$(inherited) -DXcode";
				PRODUCT_NAME = "$(TARGET_NAME)";
				SDKROOT = macosx;
				SUPPORTED_PLATFORMS = "macosx iphoneos iphonesimulator appletvos appletvsimulator watchos watchsimulator";
				SWIFT_ACTIVE_COMPILATION_CONDITIONS = "$(inherited) SWIFT_PACKAGE DEBUG";
				SWIFT_OPTIMIZATION_LEVEL = "-Onone";
				USE_HEADERMAP = NO;
			};
			name = Debug;
		};
		OBJ_31 /* Debug */ = {
			isa = XCBuildConfiguration;
			buildSettings = {
				LD = /usr/bin/true;
				OTHER_SWIFT_FLAGS = "-swift-version 5 -I $(TOOLCHAIN_DIR)/usr/lib/swift/pm/4_2 -target x86_64-apple-macosx10.10 -sdk /Applications/Xcode.app/Contents/Developer/Platforms/MacOSX.platform/Developer/SDKs/MacOSX10.15.sdk -package-description-version 5.1.0";
				SWIFT_VERSION = 5.0;
			};
			name = Debug;
		};
		OBJ_32 /* Release */ = {
			isa = XCBuildConfiguration;
			buildSettings = {
				LD = /usr/bin/true;
				OTHER_SWIFT_FLAGS = "-swift-version 5 -I $(TOOLCHAIN_DIR)/usr/lib/swift/pm/4_2 -target x86_64-apple-macosx10.10 -sdk /Applications/Xcode.app/Contents/Developer/Platforms/MacOSX.platform/Developer/SDKs/MacOSX10.15.sdk -package-description-version 5.1.0";
				SWIFT_VERSION = 5.0;
			};
			name = Release;
		};
		OBJ_37 /* Debug */ = {
			isa = XCBuildConfiguration;
			buildSettings = {
			};
			name = Debug;
		};
		OBJ_38 /* Release */ = {
			isa = XCBuildConfiguration;
			buildSettings = {
			};
			name = Release;
		};
		OBJ_4 /* Release */ = {
			isa = XCBuildConfiguration;
			buildSettings = {
				CLANG_ENABLE_OBJC_ARC = YES;
				COMBINE_HIDPI_IMAGES = YES;
				COPY_PHASE_STRIP = YES;
				DEBUG_INFORMATION_FORMAT = "dwarf-with-dsym";
				DYLIB_INSTALL_NAME_BASE = "@rpath";
				GCC_OPTIMIZATION_LEVEL = s;
				GCC_PREPROCESSOR_DEFINITIONS = (
					"$(inherited)",
					"SWIFT_PACKAGE=1",
				);
				MACOSX_DEPLOYMENT_TARGET = 10.10;
				OTHER_SWIFT_FLAGS = "$(inherited) -DXcode";
				PRODUCT_NAME = "$(TARGET_NAME)";
				SDKROOT = macosx;
				SUPPORTED_PLATFORMS = "macosx iphoneos iphonesimulator appletvos appletvsimulator watchos watchsimulator";
				SWIFT_ACTIVE_COMPILATION_CONDITIONS = "$(inherited) SWIFT_PACKAGE";
				SWIFT_OPTIMIZATION_LEVEL = "-Owholemodule";
				USE_HEADERMAP = NO;
			};
			name = Release;
		};
		OBJ_42 /* Debug */ = {
			isa = XCBuildConfiguration;
			buildSettings = {
				CLANG_ENABLE_MODULES = YES;
				EMBEDDED_CONTENT_CONTAINS_SWIFT = YES;
				FRAMEWORK_SEARCH_PATHS = (
					"$(inherited)",
					"$(PLATFORM_DIR)/Developer/Library/Frameworks",
				);
				HEADER_SEARCH_PATHS = "$(inherited)";
				INFOPLIST_FILE = SwiftUtilities.xcodeproj/SwiftUtilitiesTests_Info.plist;
				IPHONEOS_DEPLOYMENT_TARGET = 13.0;
				LD_RUNPATH_SEARCH_PATHS = "$(inherited) @loader_path/../Frameworks @loader_path/Frameworks";
				MACOSX_DEPLOYMENT_TARGET = 10.10;
				OTHER_CFLAGS = "$(inherited)";
				OTHER_LDFLAGS = "$(inherited)";
				OTHER_SWIFT_FLAGS = "$(inherited)";
				SWIFT_ACTIVE_COMPILATION_CONDITIONS = "$(inherited)";
				SWIFT_VERSION = 5.0;
				TARGET_NAME = SwiftUtilitiesTests;
				TVOS_DEPLOYMENT_TARGET = 9.0;
				WATCHOS_DEPLOYMENT_TARGET = 2.0;
			};
			name = Debug;
		};
		OBJ_43 /* Release */ = {
			isa = XCBuildConfiguration;
			buildSettings = {
				CLANG_ENABLE_MODULES = YES;
				EMBEDDED_CONTENT_CONTAINS_SWIFT = YES;
				FRAMEWORK_SEARCH_PATHS = (
					"$(inherited)",
					"$(PLATFORM_DIR)/Developer/Library/Frameworks",
				);
				HEADER_SEARCH_PATHS = "$(inherited)";
				INFOPLIST_FILE = SwiftUtilities.xcodeproj/SwiftUtilitiesTests_Info.plist;
				IPHONEOS_DEPLOYMENT_TARGET = 13.0;
				LD_RUNPATH_SEARCH_PATHS = "$(inherited) @loader_path/../Frameworks @loader_path/Frameworks";
				MACOSX_DEPLOYMENT_TARGET = 10.10;
				OTHER_CFLAGS = "$(inherited)";
				OTHER_LDFLAGS = "$(inherited)";
				OTHER_SWIFT_FLAGS = "$(inherited)";
				SWIFT_ACTIVE_COMPILATION_CONDITIONS = "$(inherited)";
				SWIFT_VERSION = 5.0;
				TARGET_NAME = SwiftUtilitiesTests;
				TVOS_DEPLOYMENT_TARGET = 9.0;
				WATCHOS_DEPLOYMENT_TARGET = 2.0;
			};
			name = Release;
		};
/* End XCBuildConfiguration section */

/* Begin XCConfigurationList section */
		OBJ_2 /* Build configuration list for PBXProject "SwiftUtilities" */ = {
			isa = XCConfigurationList;
			buildConfigurations = (
				OBJ_3 /* Debug */,
				OBJ_4 /* Release */,
			);
			defaultConfigurationIsVisible = 0;
			defaultConfigurationName = Release;
		};
		OBJ_21 /* Build configuration list for PBXNativeTarget "SwiftUtilities" */ = {
			isa = XCConfigurationList;
			buildConfigurations = (
				OBJ_22 /* Debug */,
				OBJ_23 /* Release */,
			);
			defaultConfigurationIsVisible = 0;
			defaultConfigurationName = Release;
		};
		OBJ_30 /* Build configuration list for PBXNativeTarget "SwiftUtilitiesPackageDescription" */ = {
			isa = XCConfigurationList;
			buildConfigurations = (
				OBJ_31 /* Debug */,
				OBJ_32 /* Release */,
			);
			defaultConfigurationIsVisible = 0;
			defaultConfigurationName = Release;
		};
		OBJ_36 /* Build configuration list for PBXAggregateTarget "SwiftUtilitiesPackageTests" */ = {
			isa = XCConfigurationList;
			buildConfigurations = (
				OBJ_37 /* Debug */,
				OBJ_38 /* Release */,
			);
			defaultConfigurationIsVisible = 0;
			defaultConfigurationName = Release;
		};
		OBJ_41 /* Build configuration list for PBXNativeTarget "SwiftUtilitiesTests" */ = {
			isa = XCConfigurationList;
			buildConfigurations = (
				OBJ_42 /* Debug */,
				OBJ_43 /* Release */,
			);
			defaultConfigurationIsVisible = 0;
			defaultConfigurationName = Release;
		};
/* End XCConfigurationList section */
	};
	rootObject = OBJ_1 /* Project object */;
}
